
Microsoft Visual Studio Solution File, Format Version 12.00
# Visual Studio Version 17
VisualStudioVersion = 17.0.31903.59
MinimumVisualStudioVersion = 10.0.40219.1
Project("{2150E333-8FDC-42A3-9474-1A3956D46DE8}") = "Create an ASP.NET Core web app with user data protected by authorization", "Create an ASP.NET Core web app with user data protected by authorization", "{D10D0007-05C9-46E7-AFCE-E4D98A638CC7}"
EndProject
Project("{FAE04EC0-301F-11D3-BF4B-00C04F79EFBC}") = "ContactManager", "Create an ASP.NET Core web app with user data protected by authorization\ContactManager\ContactManager.csproj", "{3089C0CD-6F48-42EE-8742-6C2B42937E33}"
EndProject
Global
	GlobalSection(SolutionConfigurationPlatforms) = preSolution
		Debug|Any CPU = Debug|Any CPU
		Release|Any CPU = Release|Any CPU
	EndGlobalSection
	GlobalSection(SolutionProperties) = preSolution
		HideSolutionNode = FALSE
	EndGlobalSection
	GlobalSection(ProjectConfigurationPlatforms) = postSolution
		{3089C0CD-6F48-42EE-8742-6C2B42937E33}.Debug|Any CPU.ActiveCfg = Debug|Any CPU
		{3089C0CD-6F48-42EE-8742-6C2B42937E33}.Debug|Any CPU.Build.0 = Debug|Any CPU
		{3089C0CD-6F48-42EE-8742-6C2B42937E33}.Release|Any CPU.ActiveCfg = Release|Any CPU
		{3089C0CD-6F48-42EE-8742-6C2B42937E33}.Release|Any CPU.Build.0 = Release|Any CPU
	EndGlobalSection
	GlobalSection(NestedProjects) = preSolution
		{3089C0CD-6F48-42EE-8742-6C2B42937E33} = {D10D0007-05C9-46E7-AFCE-E4D98A638CC7}
	EndGlobalSection
EndGlobal
